
Microsoft Visual Studio Solution File, Format Version 12.00
# Visual Studio Version 16
VisualStudioVersion = 25.0.1700.0
MinimumVisualStudioVersion = 10.0.40219.1
Project("{FAE04EC0-301F-11D3-BF4B-00C04F79EFBC}") = "PingPong", "PingPong\PingPong.csproj", "{324225AF-D166-4A27-A174-FFBBD06481E4}"
EndProject
Project("{FAE04EC0-301F-11D3-BF4B-00C04F79EFBC}") = "PingPong.Server", "PingPong.Server\PingPong.Server.csproj", "{8C6A0B3E-ACE5-46DD-8236-96834E0782B9}"
EndProject
Project("{FAE04EC0-301F-11D3-BF4B-00C04F79EFBC}") = "PingPong.Client", "PingPong.Client\PingPong.Client.csproj", "{4A5B1975-2B91-4928-83F7-FA3A7EC270DF}"
EndProject
Project("{FAE04EC0-301F-11D3-BF4B-00C04F79EFBC}") = "PingPong.Common", "PingPong.Common\PingPong.Common.csproj", "{1C00F188-649B-4B2C-A448-516C8B35034B}"
EndProject
Global
	GlobalSection(SolutionConfigurationPlatforms) = preSolution
		Debug|Any CPU = Debug|Any CPU
		Release|Any CPU = Release|Any CPU
	EndGlobalSection
	GlobalSection(ProjectConfigurationPlatforms) = postSolution
		{324225AF-D166-4A27-A174-FFBBD06481E4}.Debug|Any CPU.ActiveCfg = Debug|Any CPU
		{324225AF-D166-4A27-A174-FFBBD06481E4}.Debug|Any CPU.Build.0 = Debug|Any CPU
		{324225AF-D166-4A27-A174-FFBBD06481E4}.Release|Any CPU.ActiveCfg = Release|Any CPU
		{324225AF-D166-4A27-A174-FFBBD06481E4}.Release|Any CPU.Build.0 = Release|Any CPU
		{8C6A0B3E-ACE5-46DD-8236-96834E0782B9}.Debug|Any CPU.ActiveCfg = Debug|Any CPU
		{8C6A0B3E-ACE5-46DD-8236-96834E0782B9}.Debug|Any CPU.Build.0 = Debug|Any CPU
		{8C6A0B3E-ACE5-46DD-8236-96834E0782B9}.Release|Any CPU.ActiveCfg = Release|Any CPU
		{8C6A0B3E-ACE5-46DD-8236-96834E0782B9}.Release|Any CPU.Build.0 = Release|Any CPU
		{4A5B1975-2B91-4928-83F7-FA3A7EC270DF}.Debug|Any CPU.ActiveCfg = Debug|Any CPU
		{4A5B1975-2B91-4928-83F7-FA3A7EC270DF}.Debug|Any CPU.Build.0 = Debug|Any CPU
		{4A5B1975-2B91-4928-83F7-FA3A7EC270DF}.Release|Any CPU.ActiveCfg = Release|Any CPU
		{4A5B1975-2B91-4928-83F7-FA3A7EC270DF}.Release|Any CPU.Build.0 = Release|Any CPU
		{1C00F188-649B-4B2C-A448-516C8B35034B}.Debug|Any CPU.ActiveCfg = Debug|Any CPU
		{1C00F188-649B-4B2C-A448-516C8B35034B}.Debug|Any CPU.Build.0 = Debug|Any CPU
		{1C00F188-649B-4B2C-A448-516C8B35034B}.Release|Any CPU.ActiveCfg = Release|Any CPU
		{1C00F188-649B-4B2C-A448-516C8B35034B}.Release|Any CPU.Build.0 = Release|Any CPU
	EndGlobalSection
	GlobalSection(SolutionProperties) = preSolution
		HideSolutionNode = FALSE
	EndGlobalSection
	GlobalSection(ExtensibilityGlobals) = postSolution
		SolutionGuid = {AD9BC4CD-EC02-49F1-9F4C-5910160EB3D5}
	EndGlobalSection
EndGlobal
